{
  "version": 4,
  "terraform_version": "1.14.7",
  "serial": 51,
  "lineage": "a1415d9a-84e2-a7b3-afd2-56728d1fe5cf",
  "outputs": {},
  "resources": [
    {
      "mode": "managed",
      "type": "google_iam_workload_identity_pool",
      "name": "nawawan_dev_pool",
      "provider": "provider[\"registry.terraform.io/hashicorp/google\"]",
      "instances": [
        {
          "schema_version": 0,
          "attributes": {
            "description": "Workload Identity Pool for Nawawan dev actions",
            "disabled": false,
            "display_name": "nawawan dev pool",
            "id": "projects/nawawan-dev/locations/global/workloadIdentityPools/nawawan-dev-pool",
            "name": "projects/444290623091/locations/global/workloadIdentityPools/nawawan-dev-pool",
            "project": "nawawan-dev",
            "state": "ACTIVE",
            "timeouts": null,
            "workload_identity_pool_id": "nawawan-dev-pool"
          },
          "sensitive_attributes": [],
          "identity_schema_version": 0,
          "private": "eyJlMmJmYjczMC1lY2FhLTExZTYtOGY4OC0zNDM2M2JjN2M0YzAiOnsiY3JlYXRlIjoxMjAwMDAwMDAwMDAwLCJkZWxldGUiOjEyMDAwMDAwMDAwMDAsInVwZGF0ZSI6MTIwMDAwMDAwMDAwMH19"
        }
      ]
    },
    {
      "mode": "managed",
      "type": "google_project_iam_member",
      "name": "nawawan_dev_editor_member",
      "provider": "provider[\"registry.terraform.io/hashicorp/google\"]",
      "instances": [
        {
          "schema_version": 0,
          "attributes": {
            "condition": [],
            "etag": "BwZPPtRwuGQ=",
            "id": "nawawan-dev/roles/editor/serviceAccount:nawawan-dev-editor@nawawan-dev.iam.gserviceaccount.com",
            "member": "serviceAccount:nawawan-dev-editor@nawawan-dev.iam.gserviceaccount.com",
            "project": "nawawan-dev",
            "role": "roles/editor"
          },
          "sensitive_attributes": [],
          "identity_schema_version": 0,
          "private": "bnVsbA==",
          "dependencies": [
            "google_service_account.nawawan_dev_editor"
          ]
        }
      ]
    },
    {
      "mode": "managed",
      "type": "google_project_iam_member",
      "name": "nawawan_dev_reader_member",
      "provider": "provider[\"registry.terraform.io/hashicorp/google\"]",
      "instances": [
        {
          "schema_version": 0,
          "attributes": {
            "condition": [],
            "etag": "BwZPPtRwuGQ=",
            "id": "nawawan-dev/roles/viewer/serviceAccount:nawawan-dev-reader@nawawan-dev.iam.gserviceaccount.com",
            "member": "serviceAccount:nawawan-dev-reader@nawawan-dev.iam.gserviceaccount.com",
            "project": "nawawan-dev",
            "role": "roles/viewer"
          },
          "sensitive_attributes": [],
          "identity_schema_version": 0,
          "private": "bnVsbA==",
          "dependencies": [
            "google_service_account.nawawan_dev_reader"
          ]
        }
      ]
    },
    {
      "mode": "managed",
      "type": "google_project_service",
      "name": "cloudresourcemanager_dev",
      "provider": "provider[\"registry.terraform.io/hashicorp/google\"]",
      "instances": [
        {
          "schema_version": 0,
          "attributes": {
            "disable_dependent_services": null,
            "disable_on_destroy": null,
            "id": "nawawan-dev/cloudresourcemanager.googleapis.com",
            "project": "nawawan-dev",
            "service": "cloudresourcemanager.googleapis.com",
            "timeouts": null
          },
          "sensitive_attributes": [],
          "identity_schema_version": 0,
          "private": "eyJlMmJmYjczMC1lY2FhLTExZTYtOGY4OC0zNDM2M2JjN2M0YzAiOnsiY3JlYXRlIjoxMjAwMDAwMDAwMDAwLCJkZWxldGUiOjEyMDAwMDAwMDAwMDAsInJlYWQiOjYwMDAwMDAwMDAwMCwidXBkYXRlIjoxMjAwMDAwMDAwMDAwfX0="
        }
      ]
    },
    {
      "mode": "managed",
      "type": "google_project_service",
      "name": "iam_dev",
      "provider": "provider[\"registry.terraform.io/hashicorp/google\"]",
      "instances": [
        {
          "schema_version": 0,
          "attributes": {
            "disable_dependent_services": null,
            "disable_on_destroy": null,
            "id": "nawawan-dev/iam.googleapis.com",
            "project": "nawawan-dev",
            "service": "iam.googleapis.com",
            "timeouts": null
          },
          "sensitive_attributes": [],
          "identity_schema_version": 0,
          "private": "eyJlMmJmYjczMC1lY2FhLTExZTYtOGY4OC0zNDM2M2JjN2M0YzAiOnsiY3JlYXRlIjoxMjAwMDAwMDAwMDAwLCJkZWxldGUiOjEyMDAwMDAwMDAwMDAsInJlYWQiOjYwMDAwMDAwMDAwMCwidXBkYXRlIjoxMjAwMDAwMDAwMDAwfX0="
        }
      ]
    },
    {
      "mode": "managed",
      "type": "google_project_service",
      "name": "iamcredentials_dev",
      "provider": "provider[\"registry.terraform.io/hashicorp/google\"]",
      "instances": [
        {
          "schema_version": 0,
          "attributes": {
            "disable_dependent_services": null,
            "disable_on_destroy": null,
            "id": "nawawan-dev/iamcredentials.googleapis.com",
            "project": "nawawan-dev",
            "service": "iamcredentials.googleapis.com",
            "timeouts": null
          },
          "sensitive_attributes": [],
          "identity_schema_version": 0,
          "private": "eyJlMmJmYjczMC1lY2FhLTExZTYtOGY4OC0zNDM2M2JjN2M0YzAiOnsiY3JlYXRlIjoxMjAwMDAwMDAwMDAwLCJkZWxldGUiOjEyMDAwMDAwMDAwMDAsInJlYWQiOjYwMDAwMDAwMDAwMCwidXBkYXRlIjoxMjAwMDAwMDAwMDAwfX0="
        }
      ]
    },
    {
      "mode": "managed",
      "type": "google_project_service",
      "name": "sts_dev",
      "provider": "provider[\"registry.terraform.io/hashicorp/google\"]",
      "instances": [
        {
          "schema_version": 0,
          "attributes": {
            "disable_dependent_services": null,
            "disable_on_destroy": null,
            "id": "nawawan-dev/sts.googleapis.com",
            "project": "nawawan-dev",
            "service": "sts.googleapis.com",
            "timeouts": null
          },
          "sensitive_attributes": [],
          "identity_schema_version": 0,
          "private": "eyJlMmJmYjczMC1lY2FhLTExZTYtOGY4OC0zNDM2M2JjN2M0YzAiOnsiY3JlYXRlIjoxMjAwMDAwMDAwMDAwLCJkZWxldGUiOjEyMDAwMDAwMDAwMDAsInJlYWQiOjYwMDAwMDAwMDAwMCwidXBkYXRlIjoxMjAwMDAwMDAwMDAwfX0="
        }
      ]
    },
    {
      "mode": "managed",
      "type": "google_service_account",
      "name": "nawawan_dev_editor",
      "provider": "provider[\"registry.terraform.io/hashicorp/google\"]",
      "instances": [
        {
          "schema_version": 0,
          "attributes": {
            "account_id": "nawawan-dev-editor",
            "create_ignore_already_exists": null,
            "description": "",
            "disabled": false,
            "display_name": "Nawawan Dev Editor",
            "email": "nawawan-dev-editor@nawawan-dev.iam.gserviceaccount.com",
            "id": "projects/nawawan-dev/serviceAccounts/nawawan-dev-editor@nawawan-dev.iam.gserviceaccount.com",
            "member": "serviceAccount:nawawan-dev-editor@nawawan-dev.iam.gserviceaccount.com",
            "name": "projects/nawawan-dev/serviceAccounts/nawawan-dev-editor@nawawan-dev.iam.gserviceaccount.com",
            "project": "nawawan-dev",
            "timeouts": null,
            "unique_id": "106955035197012954069"
          },
          "sensitive_attributes": [],
          "identity_schema_version": 0,
          "private": "eyJlMmJmYjczMC1lY2FhLTExZTYtOGY4OC0zNDM2M2JjN2M0YzAiOnsiY3JlYXRlIjozMDAwMDAwMDAwMDB9fQ=="
        }
      ]
    },
    {
      "mode": "managed",
      "type": "google_service_account",
      "name": "nawawan_dev_reader",
      "provider": "provider[\"registry.terraform.io/hashicorp/google\"]",
      "instances": [
        {
          "schema_version": 0,
          "attributes": {
            "account_id": "nawawan-dev-reader",
            "create_ignore_already_exists": null,
            "description": "",
            "disabled": false,
            "display_name": "Nawawan Dev Reader",
            "email": "nawawan-dev-reader@nawawan-dev.iam.gserviceaccount.com",
            "id": "projects/nawawan-dev/serviceAccounts/nawawan-dev-reader@nawawan-dev.iam.gserviceaccount.com",
            "member": "serviceAccount:nawawan-dev-reader@nawawan-dev.iam.gserviceaccount.com",
            "name": "projects/nawawan-dev/serviceAccounts/nawawan-dev-reader@nawawan-dev.iam.gserviceaccount.com",
            "project": "nawawan-dev",
            "timeouts": null,
            "unique_id": "107296816922363647017"
          },
          "sensitive_attributes": [],
          "identity_schema_version": 0,
          "private": "eyJlMmJmYjczMC1lY2FhLTExZTYtOGY4OC0zNDM2M2JjN2M0YzAiOnsiY3JlYXRlIjozMDAwMDAwMDAwMDB9fQ=="
        }
      ]
    },
    {
      "mode": "managed",
      "type": "google_service_account_iam_member",
      "name": "nawawan_dev_editor_member",
      "provider": "provider[\"registry.terraform.io/hashicorp/google\"]",
      "instances": [
        {
          "schema_version": 0,
          "attributes": {
            "condition": [],
            "etag": "BwZPPtQzuxY=",
            "id": "projects/nawawan-dev/serviceAccounts/nawawan-dev-editor@nawawan-dev.iam.gserviceaccount.com/roles/iam.workloadIdentityUser/principalSet://iam.googleapis.com/projects/444290623091/locations/global/workloadIdentityPools/nawawan-dev-pool/attribute.repository/nawawan/playground",
            "member": "principalSet://iam.googleapis.com/projects/444290623091/locations/global/workloadIdentityPools/nawawan-dev-pool/attribute.repository/nawawan/playground",
            "role": "roles/iam.workloadIdentityUser",
            "service_account_id": "projects/nawawan-dev/serviceAccounts/nawawan-dev-editor@nawawan-dev.iam.gserviceaccount.com"
          },
          "sensitive_attributes": [],
          "identity_schema_version": 0,
          "private": "bnVsbA==",
          "dependencies": [
            "google_iam_workload_identity_pool.nawawan_dev_pool",
            "google_service_account.nawawan_dev_editor"
          ]
        }
      ]
    },
    {
      "mode": "managed",
      "type": "google_service_account_iam_member",
      "name": "nawawan_dev_reader_member",
      "provider": "provider[\"registry.terraform.io/hashicorp/google\"]",
      "instances": [
        {
          "schema_version": 0,
          "attributes": {
            "condition": [],
            "etag": "BwZPM6GeKnU=",
            "id": "projects/nawawan-dev/serviceAccounts/nawawan-dev-reader@nawawan-dev.iam.gserviceaccount.com/roles/iam.workloadIdentityUser/principalSet://iam.googleapis.com/projects/444290623091/locations/global/workloadIdentityPools/nawawan-dev-pool/attribute.repository/nawawan/playground",
            "member": "principalSet://iam.googleapis.com/projects/444290623091/locations/global/workloadIdentityPools/nawawan-dev-pool/attribute.repository/nawawan/playground",
            "role": "roles/iam.workloadIdentityUser",
            "service_account_id": "projects/nawawan-dev/serviceAccounts/nawawan-dev-reader@nawawan-dev.iam.gserviceaccount.com"
          },
          "sensitive_attributes": [],
          "identity_schema_version": 0,
          "private": "bnVsbA==",
          "dependencies": [
            "google_iam_workload_identity_pool.nawawan_dev_pool",
            "google_service_account.nawawan_dev_reader"
          ]
        }
      ]
    }
  ],
  "check_results": null
}
